github.com/wowchemy/wowchemy-hugo-modules/wowchemy-cms/v5 v5.0.0-20220322201716-d773f436c359 h1:8w5AVxrlJIEPwxW1m1SCuL2UNLmU4KaNcNV1q1bqUpY=
github.com/wowchemy/wowchemy-hugo-modules/wowchemy-cms/v5 v5.0.0-20220322201716-d773f436c359/go.mod h1:Sp/AKo+2HAPi/IPHp1MEdKPmee+mzO5+efUBUPLPqPE=
github.com/wowchemy/wowchemy-hugo-modules/wowchemy/v5 v5.0.0-20220322201716-d773f436c359 h1:SnTLWwKbZicL2OTIf1Fm0Hi9jgXMYOb660cSsltfr1s=
github.com/wowchemy/wowchemy-hugo-modules/wowchemy/v5 v5.0.0-20220322201716-d773f436c359/go.mod h1:2iL9rdrUYyJXX2BeHKfK+QbqZlubCsaR60nQ87NRQTY=
github.com/wowchemy/wowchemy-hugo-themes/modules/wowchemy-core v0.1.0/go.mod h1:kJwI9H8dicHQCnP8G9EvUDI+oNg/yXcGsjGjwjXuM8I=
github.com/wowchemy/wowchemy-hugo-themes/modules/wowchemy-core v0.2.0/go.mod h1:kJwI9H8dicHQCnP8G9EvUDI+oNg/yXcGsjGjwjXuM8I=
github.com/wowchemy/wowchemy-hugo-themes/modules/wowchemy-plugin-netlify v1.0.0 h1:blRMoXNtlxnqXlVi4eCdPtTfVpJkH9J1f6tEKDXimCY=
github.com/wowchemy/wowchemy-hugo-themes/modules/wowchemy-plugin-netlify v1.0.0/go.mod h1:s40UgLsWfVyCLQ2F4F3dBcNfZOXcPGld7KxsKhZdzvM=
github.com/wowchemy/wowchemy-hugo-themes/modules/wowchemy-plugin-netlify-cms v1.0.0 h1:WCbC3jjXAcFGUWn5W1QUk5tzNq4x4NcyqABI/s0SnWw=
github.com/wowchemy/wowchemy-hugo-themes/modules/wowchemy-plugin-netlify-cms v1.0.0/go.mod h1:X1mETJo6Lkv9tEgfU0UYFRiRInf0RbgW+s1RKXB4GMA=
github.com/wowchemy/wowchemy-hugo-themes/modules/wowchemy-plugin-reveal v1.0.0 h1:EYUeXFaj/roT2MtbZf9gaOTtG+S4bJWYGvNgxVdEspY=
github.com/wowchemy/wowchemy-hugo-themes/modules/wowchemy-plugin-reveal v1.0.0/go.mod h1:u2hgU45C6Oi3CwMzSNvTwuRTsKs7O46EG3MTjNKu7gE=
github.com/wowchemy/wowchemy-hugo-themes/modules/wowchemy-seo v0.1.0/go.mod h1:R01vz++1i/KR2n00aWGcs6m/L7ky1klbrpqA2KXjMCk=
github.com/wowchemy/wowchemy-hugo-themes/modules/wowchemy/v5 v5.8.2-0.20230930171149-60baebf4deed h1:6KiMCnK6niANzkANsgucG9vty+PEGRDUXJ9HbH8ePUI=
github.com/wowchemy/wowchemy-hugo-themes/modules/wowchemy/v5 v5.8.2-0.20230930171149-60baebf4deed/go.mod h1:aTjV1UoWPt03vYsb6TImLXMlby6p1lXF9aUy+GnAuqw=
